
Microsoft Visual Studio Solution File, Format Version 12.00
# Visual Studio Version 17
VisualStudioVersion = 17.3.32811.315
MinimumVisualStudioVersion = 10.0.40219.1
Project("{8BC9CEB8-8B4A-11D0-8D11-00A0C91BC942}") = "p29-nested-stractur-and-enums", "p29-nested-stractur-and-enums.vcxproj", "{385C343B-0C35-4D49-A8E2-4F207C8BD357}"
EndProject
Global
	GlobalSection(SolutionConfigurationPlatforms) = preSolution
		Debug|x64 = Debug|x64
		Debug|x86 = Debug|x86
		Release|x64 = Release|x64
		Release|x86 = Release|x86
	EndGlobalSection
	GlobalSection(ProjectConfigurationPlatforms) = postSolution
		{385C343B-0C35-4D49-A8E2-4F207C8BD357}.Debug|x64.ActiveCfg = Debug|x64
		{385C343B-0C35-4D49-A8E2-4F207C8BD357}.Debug|x64.Build.0 = Debug|x64
		{385C343B-0C35-4D49-A8E2-4F207C8BD357}.Debug|x86.ActiveCfg = Debug|Win32
		{385C343B-0C35-4D49-A8E2-4F207C8BD357}.Debug|x86.Build.0 = Debug|Win32
		{385C343B-0C35-4D49-A8E2-4F207C8BD357}.Release|x64.ActiveCfg = Release|x64
		{385C343B-0C35-4D49-A8E2-4F207C8BD357}.Release|x64.Build.0 = Release|x64
		{385C343B-0C35-4D49-A8E2-4F207C8BD357}.Release|x86.ActiveCfg = Release|Win32
		{385C343B-0C35-4D49-A8E2-4F207C8BD357}.Release|x86.Build.0 = Release|Win32
	EndGlobalSection
	GlobalSection(SolutionProperties) = preSolution
		HideSolutionNode = FALSE
	EndGlobalSection
	GlobalSection(ExtensibilityGlobals) = postSolution
		SolutionGuid = {47754AD0-B098-4296-ACFA-EB4DE662C2DF}
	EndGlobalSection
EndGlobal
